
Microsoft Visual Studio Solution File, Format Version 12.00
# Visual Studio Version 17
VisualStudioVersion = 17.7.34031.279
MinimumVisualStudioVersion = 10.0.40219.1
Project("{2150E333-8FDC-42A3-9474-1A3956D46DE8}") = "Libraries", "Libraries", "{553D56EC-850F-4950-87D8-EE087E30ACF6}"
EndProject
Project("{9A19103F-16F7-4668-BE54-9A1E7A4F7556}") = "SIS.Infrastructure", "Libraries\SIS.Infrastructure\SIS.Infrastructure.csproj", "{4E7D24D5-B1EF-4E94-B480-164B5A03FF07}"
EndProject
Project("{2150E333-8FDC-42A3-9474-1A3956D46DE8}") = "Apps", "Apps", "{20E9D352-6D87-46A6-B176-0636BAEEE4A0}"
EndProject
Project("{2150E333-8FDC-42A3-9474-1A3956D46DE8}") = "Tests", "Tests", "{8D84B963-FBB6-4990-8F2B-A2582F8F6D4B}"
EndProject
Project("{9A19103F-16F7-4668-BE54-9A1E7A4F7556}") = "SIS.Infrastructure.EFRepository", "Libraries\SIS.Infrastructure.EFRepository\SIS.Infrastructure.EFRepository.csproj", "{8110724D-0325-4BCF-85A9-0D4E35059D08}"
EndProject
Project("{9A19103F-16F7-4668-BE54-9A1E7A4F7556}") = "UploadLectorConsoleApp", "Apps\UploadLectorConsoleApp\UploadLectorConsoleApp.csproj", "{4351C6EE-9A77-4CCE-AD4D-9D0159F96D2E}"
EndProject
Project("{2150E333-8FDC-42A3-9474-1A3956D46DE8}") = "SIS.Infrastructure.ThirdParty", "SIS.Infrastructure.ThirdParty", "{5384FFDE-80DE-4BFD-9AC4-279B61F6A6B6}"
EndProject
Project("{2150E333-8FDC-42A3-9474-1A3956D46DE8}") = "SuperConvert", "SuperConvert", "{02F9B74F-519C-42AF-B11A-0042373D8BEE}"
EndProject
Project("{9A19103F-16F7-4668-BE54-9A1E7A4F7556}") = "SuperConvert", "Libraries\SIS.Infrastructure.ThirdParty\SuperConvert\SuperConvert\SuperConvert.csproj", "{46DE48FE-DD2C-4109-84D1-703ABD084A22}"
EndProject
Project("{9A19103F-16F7-4668-BE54-9A1E7A4F7556}") = "SuperConvert.Abstraction", "Libraries\SIS.Infrastructure.ThirdParty\SuperConvert\SuperConvert.Abstraction\SuperConvert.Abstraction.csproj", "{CA88C894-4EC0-4FED-8C0D-B217B3E4BFD1}"
EndProject
Project("{2150E333-8FDC-42A3-9474-1A3956D46DE8}") = "Data", "Data", "{04F77243-348F-4FBF-89EC-44E05C0145C0}"
EndProject
Project("{9A19103F-16F7-4668-BE54-9A1E7A4F7556}") = "SIS.Domain", "Libraries\SIS.Domain\SIS.Domain\SIS.Domain.csproj", "{8CDDFA55-0F3A-4D09-8552-CEC9CF78BFD0}"
EndProject
Project("{9A19103F-16F7-4668-BE54-9A1E7A4F7556}") = "SISApi.App", "Apps\SISApi\SISApi.App.csproj", "{BB7CC31F-CB82-411B-8326-15DC4BE45500}"
EndProject
Project("{9A19103F-16F7-4668-BE54-9A1E7A4F7556}") = "SISTests", "SISTests\SISTests.csproj", "{78506B57-E16E-426E-8C1F-8E3521D8595E}"
EndProject
Project("{2150E333-8FDC-42A3-9474-1A3956D46DE8}") = "DDL", "DDL", "{C43C3726-DF43-4B77-8CE4-C21AE314380D}"
	ProjectSection(SolutionItems) = preProject
		Data\DDL\DbContents.sql = Data\DDL\DbContents.sql
		Data\DDL\DbCreate.sql = Data\DDL\DbCreate.sql
		Data\DDL\DbDrop.sql = Data\DDL\DbDrop.sql
		Data\DDL\DbTrigger..sql = Data\DDL\DbTrigger..sql
	EndProjectSection
EndProject
Project("{9A19103F-16F7-4668-BE54-9A1E7A4F7556}") = "SISAPIConsoleApp", "Apps\SisAPIConsoleApp\SISAPIConsoleApp.csproj", "{B166CDE0-5E20-4F58-A240-6A1004D2525F}"
EndProject
Project("{9A19103F-16F7-4668-BE54-9A1E7A4F7556}") = "SIS.API", "Libraries\SIS.API\SIS.API.csproj", "{97E5621E-E6E5-4E77-85EC-9152D8746705}"
EndProject
Project("{9A19103F-16F7-4668-BE54-9A1E7A4F7556}") = "SISAPI.DTO", "Libraries\SISAPI.DTO\SISAPI.DTO.csproj", "{10E82CD9-5E0A-4ABA-8030-D129331B1600}"
EndProject
Project("{9A19103F-16F7-4668-BE54-9A1E7A4F7556}") = "UploadTeacherPreferenceConsoleApp", "Apps\UploadTeacherPreferenceConsoleApp\UploadTeacherPreferenceConsoleApp.csproj", "{0C177323-2663-4A94-8F33-FF76E2128314}"
EndProject
Project("{9A19103F-16F7-4668-BE54-9A1E7A4F7556}") = "SISClientDemo", "Apps\SISClientDemo\SISClientDemo.csproj", "{94D2DE64-5E27-4FB4-BCA1-51F81A3F694C}"
EndProject
Project("{9A19103F-16F7-4668-BE54-9A1E7A4F7556}") = "SIS.MAUI.App", "Apps\SIS.MAUI.App\SIS.MAUI.App.csproj", "{76C81B49-A7C0-47C8-A85D-96F230420F44}"
EndProject
Project("{2150E333-8FDC-42A3-9474-1A3956D46DE8}") = "Uranium", "Uranium", "{111E23DF-3191-423B-B8DA-46B3657AADBA}"
EndProject
Project("{9A19103F-16F7-4668-BE54-9A1E7A4F7556}") = "UraniumUI", "Libraries\SIS.Infrastructure.ThirdParty\Uranium\UraniumUI\UraniumUI.csproj", "{C2906A33-D9F3-454F-BCE5-A676D8FD6BDE}"
EndProject
Project("{9A19103F-16F7-4668-BE54-9A1E7A4F7556}") = "UraniumUI.Blurs", "Libraries\SIS.Infrastructure.ThirdParty\Uranium\UraniumUI.Blurs\UraniumUI.Blurs.csproj", "{F985A24B-4896-4E64-A997-46EE2023FBA0}"
EndProject
Project("{9A19103F-16F7-4668-BE54-9A1E7A4F7556}") = "UraniumUI.Dialogs.CommunityToolkit", "Libraries\SIS.Infrastructure.ThirdParty\Uranium\UraniumUI.Dialogs.CommunityToolkit\UraniumUI.Dialogs.CommunityToolkit.csproj", "{6729C039-FDD4-4D09-B7C3-32BF44FFCB8F}"
EndProject
Project("{9A19103F-16F7-4668-BE54-9A1E7A4F7556}") = "UraniumUI.Dialogs.Mopups", "Libraries\SIS.Infrastructure.ThirdParty\Uranium\UraniumUI.Dialogs.Mopups\UraniumUI.Dialogs.Mopups.csproj", "{71E25715-95C6-4C75-AF24-F6401FFD53A4}"
EndProject
Project("{9A19103F-16F7-4668-BE54-9A1E7A4F7556}") = "UraniumUI.Icons.FontAwesome", "Libraries\SIS.Infrastructure.ThirdParty\Uranium\UraniumUI.Icons.FontAwesome\UraniumUI.Icons.FontAwesome.csproj", "{56E91B0B-6172-408D-8B74-ABBE81D9AF31}"
EndProject
Project("{9A19103F-16F7-4668-BE54-9A1E7A4F7556}") = "UraniumUI.Icons.MaterialIcons", "Libraries\SIS.Infrastructure.ThirdParty\Uranium\UraniumUI.Icons.MaterialIcons\UraniumUI.Icons.MaterialIcons.csproj", "{8647D493-B5F7-4FD6-891A-59E8683D5C2D}"
EndProject
Project("{9A19103F-16F7-4668-BE54-9A1E7A4F7556}") = "UraniumUI.Icons.SegoeFluent", "Libraries\SIS.Infrastructure.ThirdParty\Uranium\UraniumUI.Icons.SegoeFluent\UraniumUI.Icons.SegoeFluent.csproj", "{7CD5BE39-9444-4364-AA03-28A52DB3E89E}"
EndProject
Project("{9A19103F-16F7-4668-BE54-9A1E7A4F7556}") = "UraniumUI.Material", "Libraries\SIS.Infrastructure.ThirdParty\Uranium\UraniumUI.Material\UraniumUI.Material.csproj", "{10EEFC2C-220C-46D0-8D28-3761387417C0}"
EndProject
Project("{9A19103F-16F7-4668-BE54-9A1E7A4F7556}") = "UraniumUI.Validations.DataAnnotations", "Libraries\SIS.Infrastructure.ThirdParty\Uranium\UraniumUI.Validations.DataAnnotations\UraniumUI.Validations.DataAnnotations.csproj", "{FBE96E70-C6D1-44B3-9FF9-AADE62FC40AE}"
EndProject
Project("{9A19103F-16F7-4668-BE54-9A1E7A4F7556}") = "UraniumUI.WebComponents", "Libraries\SIS.Infrastructure.ThirdParty\Uranium\UraniumUI.WebComponents\UraniumUI.WebComponents.csproj", "{EA1C2FB9-243F-43AE-841D-4383B5F1193E}"
EndProject
Project("{9A19103F-16F7-4668-BE54-9A1E7A4F7556}") = "Camera.MAUI", "Libraries\SIS.Infrastructure.ThirdParty\Camera.MAUI\Camera.MAUI.csproj", "{67E45D03-512C-4265-8ADB-A84B2AE82A0E}"
EndProject
Project("{FAE04EC0-301F-11D3-BF4B-00C04F79EFBC}") = "CodeProjectAI", "CodeProjectAI\CodeProjectAI.csproj", "{5C7686D4-2CB4-403F-88F6-09234DFDCA84}"
EndProject
Global
	GlobalSection(SolutionConfigurationPlatforms) = preSolution
		Debug|Any CPU = Debug|Any CPU
		Release|Any CPU = Release|Any CPU
	EndGlobalSection
	GlobalSection(ProjectConfigurationPlatforms) = postSolution
		{4E7D24D5-B1EF-4E94-B480-164B5A03FF07}.Debug|Any CPU.ActiveCfg = Debug|Any CPU
		{4E7D24D5-B1EF-4E94-B480-164B5A03FF07}.Debug|Any CPU.Build.0 = Debug|Any CPU
		{4E7D24D5-B1EF-4E94-B480-164B5A03FF07}.Release|Any CPU.ActiveCfg = Release|Any CPU
		{4E7D24D5-B1EF-4E94-B480-164B5A03FF07}.Release|Any CPU.Build.0 = Release|Any CPU
		{8110724D-0325-4BCF-85A9-0D4E35059D08}.Debug|Any CPU.ActiveCfg = Debug|Any CPU
		{8110724D-0325-4BCF-85A9-0D4E35059D08}.Debug|Any CPU.Build.0 = Debug|Any CPU
		{8110724D-0325-4BCF-85A9-0D4E35059D08}.Release|Any CPU.ActiveCfg = Release|Any CPU
		{8110724D-0325-4BCF-85A9-0D4E35059D08}.Release|Any CPU.Build.0 = Release|Any CPU
		{4351C6EE-9A77-4CCE-AD4D-9D0159F96D2E}.Debug|Any CPU.ActiveCfg = Debug|Any CPU
		{4351C6EE-9A77-4CCE-AD4D-9D0159F96D2E}.Debug|Any CPU.Build.0 = Debug|Any CPU
		{4351C6EE-9A77-4CCE-AD4D-9D0159F96D2E}.Release|Any CPU.ActiveCfg = Release|Any CPU
		{4351C6EE-9A77-4CCE-AD4D-9D0159F96D2E}.Release|Any CPU.Build.0 = Release|Any CPU
		{46DE48FE-DD2C-4109-84D1-703ABD084A22}.Debug|Any CPU.ActiveCfg = Debug|Any CPU
		{46DE48FE-DD2C-4109-84D1-703ABD084A22}.Debug|Any CPU.Build.0 = Debug|Any CPU
		{46DE48FE-DD2C-4109-84D1-703ABD084A22}.Release|Any CPU.ActiveCfg = Release|Any CPU
		{46DE48FE-DD2C-4109-84D1-703ABD084A22}.Release|Any CPU.Build.0 = Release|Any CPU
		{CA88C894-4EC0-4FED-8C0D-B217B3E4BFD1}.Debug|Any CPU.ActiveCfg = Debug|Any CPU
		{CA88C894-4EC0-4FED-8C0D-B217B3E4BFD1}.Debug|Any CPU.Build.0 = Debug|Any CPU
		{CA88C894-4EC0-4FED-8C0D-B217B3E4BFD1}.Release|Any CPU.ActiveCfg = Release|Any CPU
		{CA88C894-4EC0-4FED-8C0D-B217B3E4BFD1}.Release|Any CPU.Build.0 = Release|Any CPU
		{8CDDFA55-0F3A-4D09-8552-CEC9CF78BFD0}.Debug|Any CPU.ActiveCfg = Debug|Any CPU
		{8CDDFA55-0F3A-4D09-8552-CEC9CF78BFD0}.Debug|Any CPU.Build.0 = Debug|Any CPU
		{8CDDFA55-0F3A-4D09-8552-CEC9CF78BFD0}.Release|Any CPU.ActiveCfg = Release|Any CPU
		{8CDDFA55-0F3A-4D09-8552-CEC9CF78BFD0}.Release|Any CPU.Build.0 = Release|Any CPU
		{BB7CC31F-CB82-411B-8326-15DC4BE45500}.Debug|Any CPU.ActiveCfg = Debug|Any CPU
		{BB7CC31F-CB82-411B-8326-15DC4BE45500}.Debug|Any CPU.Build.0 = Debug|Any CPU
		{BB7CC31F-CB82-411B-8326-15DC4BE45500}.Release|Any CPU.ActiveCfg = Release|Any CPU
		{BB7CC31F-CB82-411B-8326-15DC4BE45500}.Release|Any CPU.Build.0 = Release|Any CPU
		{78506B57-E16E-426E-8C1F-8E3521D8595E}.Debug|Any CPU.ActiveCfg = Debug|Any CPU
		{78506B57-E16E-426E-8C1F-8E3521D8595E}.Debug|Any CPU.Build.0 = Debug|Any CPU
		{78506B57-E16E-426E-8C1F-8E3521D8595E}.Release|Any CPU.ActiveCfg = Release|Any CPU
		{78506B57-E16E-426E-8C1F-8E3521D8595E}.Release|Any CPU.Build.0 = Release|Any CPU
		{B166CDE0-5E20-4F58-A240-6A1004D2525F}.Debug|Any CPU.ActiveCfg = Debug|Any CPU
		{B166CDE0-5E20-4F58-A240-6A1004D2525F}.Debug|Any CPU.Build.0 = Debug|Any CPU
		{B166CDE0-5E20-4F58-A240-6A1004D2525F}.Release|Any CPU.ActiveCfg = Release|Any CPU
		{B166CDE0-5E20-4F58-A240-6A1004D2525F}.Release|Any CPU.Build.0 = Release|Any CPU
		{97E5621E-E6E5-4E77-85EC-9152D8746705}.Debug|Any CPU.ActiveCfg = Debug|Any CPU
		{97E5621E-E6E5-4E77-85EC-9152D8746705}.Debug|Any CPU.Build.0 = Debug|Any CPU
		{97E5621E-E6E5-4E77-85EC-9152D8746705}.Release|Any CPU.ActiveCfg = Release|Any CPU
		{97E5621E-E6E5-4E77-85EC-9152D8746705}.Release|Any CPU.Build.0 = Release|Any CPU
		{10E82CD9-5E0A-4ABA-8030-D129331B1600}.Debug|Any CPU.ActiveCfg = Debug|Any CPU
		{10E82CD9-5E0A-4ABA-8030-D129331B1600}.Debug|Any CPU.Build.0 = Debug|Any CPU
		{10E82CD9-5E0A-4ABA-8030-D129331B1600}.Release|Any CPU.ActiveCfg = Release|Any CPU
		{10E82CD9-5E0A-4ABA-8030-D129331B1600}.Release|Any CPU.Build.0 = Release|Any CPU
		{0C177323-2663-4A94-8F33-FF76E2128314}.Debug|Any CPU.ActiveCfg = Debug|Any CPU
		{0C177323-2663-4A94-8F33-FF76E2128314}.Debug|Any CPU.Build.0 = Debug|Any CPU
		{0C177323-2663-4A94-8F33-FF76E2128314}.Release|Any CPU.ActiveCfg = Release|Any CPU
		{0C177323-2663-4A94-8F33-FF76E2128314}.Release|Any CPU.Build.0 = Release|Any CPU
		{94D2DE64-5E27-4FB4-BCA1-51F81A3F694C}.Debug|Any CPU.ActiveCfg = Debug|Any CPU
		{94D2DE64-5E27-4FB4-BCA1-51F81A3F694C}.Debug|Any CPU.Build.0 = Debug|Any CPU
		{94D2DE64-5E27-4FB4-BCA1-51F81A3F694C}.Release|Any CPU.ActiveCfg = Release|Any CPU
		{94D2DE64-5E27-4FB4-BCA1-51F81A3F694C}.Release|Any CPU.Build.0 = Release|Any CPU
		{76C81B49-A7C0-47C8-A85D-96F230420F44}.Debug|Any CPU.ActiveCfg = Debug|Any CPU
		{76C81B49-A7C0-47C8-A85D-96F230420F44}.Debug|Any CPU.Build.0 = Debug|Any CPU
		{76C81B49-A7C0-47C8-A85D-96F230420F44}.Debug|Any CPU.Deploy.0 = Debug|Any CPU
		{76C81B49-A7C0-47C8-A85D-96F230420F44}.Release|Any CPU.ActiveCfg = Release|Any CPU
		{76C81B49-A7C0-47C8-A85D-96F230420F44}.Release|Any CPU.Build.0 = Release|Any CPU
		{76C81B49-A7C0-47C8-A85D-96F230420F44}.Release|Any CPU.Deploy.0 = Release|Any CPU
		{C2906A33-D9F3-454F-BCE5-A676D8FD6BDE}.Debug|Any CPU.ActiveCfg = Debug|Any CPU
		{C2906A33-D9F3-454F-BCE5-A676D8FD6BDE}.Debug|Any CPU.Build.0 = Debug|Any CPU
		{C2906A33-D9F3-454F-BCE5-A676D8FD6BDE}.Release|Any CPU.ActiveCfg = Release|Any CPU
		{C2906A33-D9F3-454F-BCE5-A676D8FD6BDE}.Release|Any CPU.Build.0 = Release|Any CPU
		{F985A24B-4896-4E64-A997-46EE2023FBA0}.Debug|Any CPU.ActiveCfg = Debug|Any CPU
		{F985A24B-4896-4E64-A997-46EE2023FBA0}.Debug|Any CPU.Build.0 = Debug|Any CPU
		{F985A24B-4896-4E64-A997-46EE2023FBA0}.Release|Any CPU.ActiveCfg = Release|Any CPU
		{F985A24B-4896-4E64-A997-46EE2023FBA0}.Release|Any CPU.Build.0 = Release|Any CPU
		{6729C039-FDD4-4D09-B7C3-32BF44FFCB8F}.Debug|Any CPU.ActiveCfg = Debug|Any CPU
		{6729C039-FDD4-4D09-B7C3-32BF44FFCB8F}.Debug|Any CPU.Build.0 = Debug|Any CPU
		{6729C039-FDD4-4D09-B7C3-32BF44FFCB8F}.Release|Any CPU.ActiveCfg = Release|Any CPU
		{6729C039-FDD4-4D09-B7C3-32BF44FFCB8F}.Release|Any CPU.Build.0 = Release|Any CPU
		{71E25715-95C6-4C75-AF24-F6401FFD53A4}.Debug|Any CPU.ActiveCfg = Debug|Any CPU
		{71E25715-95C6-4C75-AF24-F6401FFD53A4}.Debug|Any CPU.Build.0 = Debug|Any CPU
		{71E25715-95C6-4C75-AF24-F6401FFD53A4}.Release|Any CPU.ActiveCfg = Release|Any CPU
		{71E25715-95C6-4C75-AF24-F6401FFD53A4}.Release|Any CPU.Build.0 = Release|Any CPU
		{56E91B0B-6172-408D-8B74-ABBE81D9AF31}.Debug|Any CPU.ActiveCfg = Debug|Any CPU
		{56E91B0B-6172-408D-8B74-ABBE81D9AF31}.Debug|Any CPU.Build.0 = Debug|Any CPU
		{56E91B0B-6172-408D-8B74-ABBE81D9AF31}.Release|Any CPU.ActiveCfg = Release|Any CPU
		{56E91B0B-6172-408D-8B74-ABBE81D9AF31}.Release|Any CPU.Build.0 = Release|Any CPU
		{8647D493-B5F7-4FD6-891A-59E8683D5C2D}.Debug|Any CPU.ActiveCfg = Debug|Any CPU
		{8647D493-B5F7-4FD6-891A-59E8683D5C2D}.Debug|Any CPU.Build.0 = Debug|Any CPU
		{8647D493-B5F7-4FD6-891A-59E8683D5C2D}.Release|Any CPU.ActiveCfg = Release|Any CPU
		{8647D493-B5F7-4FD6-891A-59E8683D5C2D}.Release|Any CPU.Build.0 = Release|Any CPU
		{7CD5BE39-9444-4364-AA03-28A52DB3E89E}.Debug|Any CPU.ActiveCfg = Debug|Any CPU
		{7CD5BE39-9444-4364-AA03-28A52DB3E89E}.Debug|Any CPU.Build.0 = Debug|Any CPU
		{7CD5BE39-9444-4364-AA03-28A52DB3E89E}.Release|Any CPU.ActiveCfg = Release|Any CPU
		{7CD5BE39-9444-4364-AA03-28A52DB3E89E}.Release|Any CPU.Build.0 = Release|Any CPU
		{10EEFC2C-220C-46D0-8D28-3761387417C0}.Debug|Any CPU.ActiveCfg = Debug|Any CPU
		{10EEFC2C-220C-46D0-8D28-3761387417C0}.Debug|Any CPU.Build.0 = Debug|Any CPU
		{10EEFC2C-220C-46D0-8D28-3761387417C0}.Release|Any CPU.ActiveCfg = Release|Any CPU
		{10EEFC2C-220C-46D0-8D28-3761387417C0}.Release|Any CPU.Build.0 = Release|Any CPU
		{FBE96E70-C6D1-44B3-9FF9-AADE62FC40AE}.Debug|Any CPU.ActiveCfg = Debug|Any CPU
		{FBE96E70-C6D1-44B3-9FF9-AADE62FC40AE}.Debug|Any CPU.Build.0 = Debug|Any CPU
		{FBE96E70-C6D1-44B3-9FF9-AADE62FC40AE}.Release|Any CPU.ActiveCfg = Release|Any CPU
		{FBE96E70-C6D1-44B3-9FF9-AADE62FC40AE}.Release|Any CPU.Build.0 = Release|Any CPU
		{EA1C2FB9-243F-43AE-841D-4383B5F1193E}.Debug|Any CPU.ActiveCfg = Debug|Any CPU
		{EA1C2FB9-243F-43AE-841D-4383B5F1193E}.Debug|Any CPU.Build.0 = Debug|Any CPU
		{EA1C2FB9-243F-43AE-841D-4383B5F1193E}.Release|Any CPU.ActiveCfg = Release|Any CPU
		{EA1C2FB9-243F-43AE-841D-4383B5F1193E}.Release|Any CPU.Build.0 = Release|Any CPU
		{67E45D03-512C-4265-8ADB-A84B2AE82A0E}.Debug|Any CPU.ActiveCfg = Debug|Any CPU
		{67E45D03-512C-4265-8ADB-A84B2AE82A0E}.Debug|Any CPU.Build.0 = Debug|Any CPU
		{67E45D03-512C-4265-8ADB-A84B2AE82A0E}.Release|Any CPU.ActiveCfg = Release|Any CPU
		{67E45D03-512C-4265-8ADB-A84B2AE82A0E}.Release|Any CPU.Build.0 = Release|Any CPU
		{5C7686D4-2CB4-403F-88F6-09234DFDCA84}.Debug|Any CPU.ActiveCfg = Debug|Any CPU
		{5C7686D4-2CB4-403F-88F6-09234DFDCA84}.Debug|Any CPU.Build.0 = Debug|Any CPU
		{5C7686D4-2CB4-403F-88F6-09234DFDCA84}.Release|Any CPU.ActiveCfg = Release|Any CPU
		{5C7686D4-2CB4-403F-88F6-09234DFDCA84}.Release|Any CPU.Build.0 = Release|Any CPU
	EndGlobalSection
	GlobalSection(SolutionProperties) = preSolution
		HideSolutionNode = FALSE
	EndGlobalSection
	GlobalSection(NestedProjects) = preSolution
		{4E7D24D5-B1EF-4E94-B480-164B5A03FF07} = {553D56EC-850F-4950-87D8-EE087E30ACF6}
		{8110724D-0325-4BCF-85A9-0D4E35059D08} = {553D56EC-850F-4950-87D8-EE087E30ACF6}
		{4351C6EE-9A77-4CCE-AD4D-9D0159F96D2E} = {20E9D352-6D87-46A6-B176-0636BAEEE4A0}
		{5384FFDE-80DE-4BFD-9AC4-279B61F6A6B6} = {553D56EC-850F-4950-87D8-EE087E30ACF6}
		{02F9B74F-519C-42AF-B11A-0042373D8BEE} = {5384FFDE-80DE-4BFD-9AC4-279B61F6A6B6}
		{46DE48FE-DD2C-4109-84D1-703ABD084A22} = {02F9B74F-519C-42AF-B11A-0042373D8BEE}
		{CA88C894-4EC0-4FED-8C0D-B217B3E4BFD1} = {02F9B74F-519C-42AF-B11A-0042373D8BEE}
		{8CDDFA55-0F3A-4D09-8552-CEC9CF78BFD0} = {553D56EC-850F-4950-87D8-EE087E30ACF6}
		{BB7CC31F-CB82-411B-8326-15DC4BE45500} = {20E9D352-6D87-46A6-B176-0636BAEEE4A0}
		{78506B57-E16E-426E-8C1F-8E3521D8595E} = {8D84B963-FBB6-4990-8F2B-A2582F8F6D4B}
		{C43C3726-DF43-4B77-8CE4-C21AE314380D} = {04F77243-348F-4FBF-89EC-44E05C0145C0}
		{B166CDE0-5E20-4F58-A240-6A1004D2525F} = {20E9D352-6D87-46A6-B176-0636BAEEE4A0}
		{97E5621E-E6E5-4E77-85EC-9152D8746705} = {553D56EC-850F-4950-87D8-EE087E30ACF6}
		{10E82CD9-5E0A-4ABA-8030-D129331B1600} = {553D56EC-850F-4950-87D8-EE087E30ACF6}
		{0C177323-2663-4A94-8F33-FF76E2128314} = {20E9D352-6D87-46A6-B176-0636BAEEE4A0}
		{94D2DE64-5E27-4FB4-BCA1-51F81A3F694C} = {20E9D352-6D87-46A6-B176-0636BAEEE4A0}
		{76C81B49-A7C0-47C8-A85D-96F230420F44} = {20E9D352-6D87-46A6-B176-0636BAEEE4A0}
		{111E23DF-3191-423B-B8DA-46B3657AADBA} = {5384FFDE-80DE-4BFD-9AC4-279B61F6A6B6}
		{C2906A33-D9F3-454F-BCE5-A676D8FD6BDE} = {111E23DF-3191-423B-B8DA-46B3657AADBA}
		{F985A24B-4896-4E64-A997-46EE2023FBA0} = {111E23DF-3191-423B-B8DA-46B3657AADBA}
		{6729C039-FDD4-4D09-B7C3-32BF44FFCB8F} = {111E23DF-3191-423B-B8DA-46B3657AADBA}
		{71E25715-95C6-4C75-AF24-F6401FFD53A4} = {111E23DF-3191-423B-B8DA-46B3657AADBA}
		{56E91B0B-6172-408D-8B74-ABBE81D9AF31} = {111E23DF-3191-423B-B8DA-46B3657AADBA}
		{8647D493-B5F7-4FD6-891A-59E8683D5C2D} = {111E23DF-3191-423B-B8DA-46B3657AADBA}
		{7CD5BE39-9444-4364-AA03-28A52DB3E89E} = {111E23DF-3191-423B-B8DA-46B3657AADBA}
		{10EEFC2C-220C-46D0-8D28-3761387417C0} = {5384FFDE-80DE-4BFD-9AC4-279B61F6A6B6}
		{FBE96E70-C6D1-44B3-9FF9-AADE62FC40AE} = {111E23DF-3191-423B-B8DA-46B3657AADBA}
		{EA1C2FB9-243F-43AE-841D-4383B5F1193E} = {111E23DF-3191-423B-B8DA-46B3657AADBA}
		{67E45D03-512C-4265-8ADB-A84B2AE82A0E} = {5384FFDE-80DE-4BFD-9AC4-279B61F6A6B6}
		{5C7686D4-2CB4-403F-88F6-09234DFDCA84} = {553D56EC-850F-4950-87D8-EE087E30ACF6}
	EndGlobalSection
	GlobalSection(ExtensibilityGlobals) = postSolution
		SolutionGuid = {42EA0099-0828-4F80-826E-1166F889E264}
	EndGlobalSection
EndGlobal
